// !$*UTF8*$!
{
	archiveVersion = 1;
	classes = {
	};
	objectVersion = 77;
	objects = {

/* Begin PBXContainerItemProxy section */
		E7D0904A2CE383C6003547EB /* PBXContainerItemProxy */ = {
			isa = PBXContainerItemProxy;
			containerPortal = E7D0902B2CE383C4003547EB /* Project object */;
			proxyType = 1;
			remoteGlobalIDString = E7D090322CE383C4003547EB;
			remoteInfo = "Screen Scene";
		};
		E7D090542CE383C6003547EB /* PBXContainerItemProxy */ = {
			isa = PBXContainerItemProxy;
			containerPortal = E7D0902B2CE383C4003547EB /* Project object */;
			proxyType = 1;
			remoteGlobalIDString = E7D090322CE383C4003547EB;
			remoteInfo = "Screen Scene";
		};
/* End PBXContainerItemProxy section */

/* Begin PBXFileReference section */
		E7D090332CE383C4003547EB /* Screen Scene.app */ = {isa = PBXFileReference; explicitFileType = wrapper.application; includeInIndex = 0; path = "Screen Scene.app"; sourceTree = BUILT_PRODUCTS_DIR; };
		E7D090492CE383C6003547EB /* Screen SceneTests.xctest */ = {isa = PBXFileReference; explicitFileType = wrapper.cfbundle; includeInIndex = 0; path = "Screen SceneTests.xctest"; sourceTree = BUILT_PRODUCTS_DIR; };
		E7D090532CE383C6003547EB /* Screen SceneUITests.xctest */ = {isa = PBXFileReference; explicitFileType = wrapper.cfbundle; includeInIndex = 0; path = "Screen SceneUITests.xctest"; sourceTree = BUILT_PRODUCTS_DIR; };
/* End PBXFileReference section */

/* Begin PBXFileSystemSynchronizedBuildFileExceptionSet section */
		E7D0905B2CE383C6003547EB /* Exceptions for "Screen Scene" folder in "Screen Scene" target */ = {
			isa = PBXFileSystemSynchronizedBuildFileExceptionSet;
			membershipExceptions = (
				Info.plist,
			);
			target = E7D090322CE383C4003547EB /* Screen Scene */;
		};
/* End PBXFileSystemSynchronizedBuildFileExceptionSet section */

/* Begin PBXFileSystemSynchronizedRootGroup section */
		E7D090352CE383C4003547EB /* Screen Scene */ = {
			isa = PBXFileSystemSynchronizedRootGroup;
			exceptions = (
				E7D0905B2CE383C6003547EB /* Exceptions for "Screen Scene" folder in "Screen Scene" target */,
			);
			path = "Screen Scene";
			sourceTree = "<group>";
		};
		E7D0904C2CE383C6003547EB /* Screen SceneTests */ = {
			isa = PBXFileSystemSynchronizedRootGroup;
			path = "Screen SceneTests";
			sourceTree = "<group>";
		};
		E7D090562CE383C6003547EB /* Screen SceneUITests */ = {
			isa = PBXFileSystemSynchronizedRootGroup;
			path = "Screen SceneUITests";
			sourceTree = "<group>";
		};
/* End PBXFileSystemSynchronizedRootGroup section */

/* Begin PBXFrameworksBuildPhase section */
		E7D090302CE383C4003547EB /* Frameworks */ = {
			isa = PBXFrameworksBuildPhase;
			buildActionMask = 2147483647;
			files = (
			);
			runOnlyForDeploymentPostprocessing = 0;
		};
		E7D090462CE383C6003547EB /* Frameworks */ = {
			isa = PBXFrameworksBuildPhase;
			buildActionMask = 2147483647;
			files = (
			);
			runOnlyForDeploymentPostprocessing = 0;
		};
		E7D090502CE383C6003547EB /* Frameworks */ = {
			isa = PBXFrameworksBuildPhase;
			buildActionMask = 2147483647;
			files = (
			);
			runOnlyForDeploymentPostprocessing = 0;
		};
/* End PBXFrameworksBuildPhase section */

/* Begin PBXGroup section */
		E7D0902A2CE383C4003547EB = {
			isa = PBXGroup;
			children = (
				E7D090352CE383C4003547EB /* Screen Scene */,
				E7D0904C2CE383C6003547EB /* Screen SceneTests */,
				E7D090562CE383C6003547EB /* Screen SceneUITests */,
				E7D090342CE383C4003547EB /* Products */,
			);
			sourceTree = "<group>";
		};
		E7D090342CE383C4003547EB /* Products */ = {
			isa = PBXGroup;
			children = (
				E7D090332CE383C4003547EB /* Screen Scene.app */,
				E7D090492CE383C6003547EB /* Screen SceneTests.xctest */,
				E7D090532CE383C6003547EB /* Screen SceneUITests.xctest */,
			);
			name = Products;
			sourceTree = "<group>";
		};
/* End PBXGroup section */

/* Begin PBXNativeTarget section */
		E7D090322CE383C4003547EB /* Screen Scene */ = {
			isa = PBXNativeTarget;
			buildConfigurationList = E7D0905C2CE383C6003547EB /* Build configuration list for PBXNativeTarget "Screen Scene" */;
			buildPhases = (
				E7D0902F2CE383C4003547EB /* Sources */,
				E7D090302CE383C4003547EB /* Frameworks */,
				E7D090312CE383C4003547EB /* Resources */,
			);
			buildRules = (
			);
			dependencies = (
			);
			fileSystemSynchronizedGroups = (
				E7D090352CE383C4003547EB /* Screen Scene */,
			);
			name = "Screen Scene";
			packageProductDependencies = (
			);
			productName = "Screen Scene";
			productReference = E7D090332CE383C4003547EB /* Screen Scene.app */;
			productType = "com.apple.product-type.application";
		};
		E7D090482CE383C6003547EB /* Screen SceneTests */ = {
			isa = PBXNativeTarget;
			buildConfigurationList = E7D090612CE383C6003547EB /* Build configuration list for PBXNativeTarget "Screen SceneTests" */;
			buildPhases = (
				E7D090452CE383C6003547EB /* Sources */,
				E7D090462CE383C6003547EB /* Frameworks */,
				E7D090472CE383C6003547EB /* Resources */,
			);
			buildRules = (
			);
			dependencies = (
				E7D0904B2CE383C6003547EB /* PBXTargetDependency */,
			);
			fileSystemSynchronizedGroups = (
				E7D0904C2CE383C6003547EB /* Screen SceneTests */,
			);
			name = "Screen SceneTests";
			packageProductDependencies = (
			);
			productName = "Screen SceneTests";
			productReference = E7D090492CE383C6003547EB /* Screen SceneTests.xctest */;
			productType = "com.apple.product-type.bundle.unit-test";
		};
		E7D090522CE383C6003547EB /* Screen SceneUITests */ = {
			isa = PBXNativeTarget;
			buildConfigurationList = E7D090642CE383C6003547EB /* Build configuration list for PBXNativeTarget "Screen SceneUITests" */;
			buildPhases = (
				E7D0904F2CE383C6003547EB /* Sources */,
				E7D090502CE383C6003547EB /* Frameworks */,
				E7D090512CE383C6003547EB /* Resources */,
			);
			buildRules = (
			);
			dependencies = (
				E7D090552CE383C6003547EB /* PBXTargetDependency */,
			);
			fileSystemSynchronizedGroups = (
				E7D090562CE383C6003547EB /* Screen SceneUITests */,
			);
			name = "Screen SceneUITests";
			packageProductDependencies = (
			);
			productName = "Screen SceneUITests";
			productReference = E7D090532CE383C6003547EB /* Screen SceneUITests.xctest */;
			productType = "com.apple.product-type.bundle.ui-testing";
		};
/* End PBXNativeTarget section */

/* Begin PBXProject section */
		E7D0902B2CE383C4003547EB /* Project object */ = {
			isa = PBXProject;
			attributes = {
				BuildIndependentTargetsInParallel = 1;
				LastSwiftUpdateCheck = 1600;
				LastUpgradeCheck = 1600;
				TargetAttributes = {
					E7D090322CE383C4003547EB = {
						CreatedOnToolsVersion = 16.0;
					};
					E7D090482CE383C6003547EB = {
						CreatedOnToolsVersion = 16.0;
						TestTargetID = E7D090322CE383C4003547EB;
					};
					E7D090522CE383C6003547EB = {
						CreatedOnToolsVersion = 16.0;
						TestTargetID = E7D090322CE383C4003547EB;
					};
				};
			};
			buildConfigurationList = E7D0902E2CE383C4003547EB /* Build configuration list for PBXProject "Screen Scene" */;
			developmentRegion = en;
			hasScannedForEncodings = 0;
			knownRegions = (
				en,
				Base,
			);
			mainGroup = E7D0902A2CE383C4003547EB;
			minimizedProjectReferenceProxies = 1;
			preferredProjectObjectVersion = 77;
			productRefGroup = E7D090342CE383C4003547EB /* Products */;
			projectDirPath = "";
			projectRoot = "";
			targets = (
				E7D090322CE383C4003547EB /* Screen Scene */,
				E7D090482CE383C6003547EB /* Screen SceneTests */,
				E7D090522CE383C6003547EB /* Screen SceneUITests */,
			);
		};
/* End PBXProject section */

/* Begin PBXResourcesBuildPhase section */
		E7D090312CE383C4003547EB /* Resources */ = {
			isa = PBXResourcesBuildPhase;
			buildActionMask = 2147483647;
			files = (
			);
			runOnlyForDeploymentPostprocessing = 0;
		};
		E7D090472CE383C6003547EB /* Resources */ = {
			isa = PBXResourcesBuildPhase;
			buildActionMask = 2147483647;
			files = (
			);
			runOnlyForDeploymentPostprocessing = 0;
		};
		E7D090512CE383C6003547EB /* Resources */ = {
			isa = PBXResourcesBuildPhase;
			buildActionMask = 2147483647;
			files = (
			);
			runOnlyForDeploymentPostprocessing = 0;
		};
/* End PBXResourcesBuildPhase section */

/* Begin PBXSourcesBuildPhase section */
		E7D0902F2CE383C4003547EB /* Sources */ = {
			isa = PBXSourcesBuildPhase;
			buildActionMask = 2147483647;
			files = (
			);
			runOnlyForDeploymentPostprocessing = 0;
		};
		E7D090452CE383C6003547EB /* Sources */ = {
			isa = PBXSourcesBuildPhase;
			buildActionMask = 2147483647;
			files = (
			);
			runOnlyForDeploymentPostprocessing = 0;
		};
		E7D0904F2CE383C6003547EB /* Sources */ = {
			isa = PBXSourcesBuildPhase;
			buildActionMask = 2147483647;
			files = (
			);
			runOnlyForDeploymentPostprocessing = 0;
		};
/* End PBXSourcesBuildPhase section */

/* Begin PBXTargetDependency section */
		E7D0904B2CE383C6003547EB /* PBXTargetDependency */ = {
			isa = PBXTargetDependency;
			target = E7D090322CE383C4003547EB /* Screen Scene */;
			targetProxy = E7D0904A2CE383C6003547EB /* PBXContainerItemProxy */;
		};
		E7D090552CE383C6003547EB /* PBXTargetDependency */ = {
			isa = PBXTargetDependency;
			target = E7D090322CE383C4003547EB /* Screen Scene */;
			targetProxy = E7D090542CE383C6003547EB /* PBXContainerItemProxy */;
		};
/* End PBXTargetDependency section */

/* Begin XCBuildConfiguration section */
		E7D0905D2CE383C6003547EB /* Debug */ = {
			isa = XCBuildConfiguration;
			buildSettings = {
				ASSETCATALOG_COMPILER_APPICON_NAME = AppIcon;
				ASSETCATALOG_COMPILER_GLOBAL_ACCENT_COLOR_NAME = AccentColor;
				CODE_SIGN_STYLE = Automatic;
				CURRENT_PROJECT_VERSION = 1;
				GENERATE_INFOPLIST_FILE = YES;
				INFOPLIST_FILE = "Screen Scene/Info.plist";
				INFOPLIST_KEY_UIApplicationSupportsIndirectInputEvents = YES;
				INFOPLIST_KEY_UILaunchStoryboardName = LaunchScreen;
				INFOPLIST_KEY_UIMainStoryboardFile = Main;
				INFOPLIST_KEY_UISupportedInterfaceOrientations_iPad = "UIInterfaceOrientationPortrait UIInterfaceOrientationPortraitUpsideDown UIInterfaceOrientationLandscapeLeft UIInterfaceOrientationLandscapeRight";
				INFOPLIST_KEY_UISupportedInterfaceOrientations_iPhone = "UIInterfaceOrientationPortrait UIInterfaceOrientationLandscapeLeft UIInterfaceOrientationLandscapeRight";
				LD_RUNPATH_SEARCH_PATHS = (
					"$(inherited)",
					"@executable_path/Frameworks",
				);
				MARKETING_VERSION = 1.0;
				PRODUCT_BUNDLE_IDENTIFIER = "hr.screenScene.Screen-Scene";
				PRODUCT_NAME = "$(TARGET_NAME)";
				SWIFT_EMIT_LOC_STRINGS = YES;
				SWIFT_VERSION = 5.0;
				TARGETED_DEVICE_FAMILY = "1,2";
			};
			name = Debug;
		};
		E7D0905E2CE383C6003547EB /* Release */ = {
			isa = XCBuildConfiguration;
			buildSettings = {
				ASSETCATALOG_COMPILER_APPICON_NAME = AppIcon;
				ASSETCATALOG_COMPILER_GLOBAL_ACCENT_COLOR_NAME = AccentColor;
				CODE_SIGN_STYLE = Automatic;
				CURRENT_PROJECT_VERSION = 1;
				GENERATE_INFOPLIST_FILE = YES;
				INFOPLIST_FILE = "Screen Scene/Info.plist";
				INFOPLIST_KEY_UIApplicationSupportsIndirectInputEvents = YES;
				INFOPLIST_KEY_UILaunchStoryboardName = LaunchScreen;
				INFOPLIST_KEY_UIMainStoryboardFile = Main;
				INFOPLIST_KEY_UISupportedInterfaceOrientations_iPad = "UIInterfaceOrientationPortrait UIInterfaceOrientationPortraitUpsideDown UIInterfaceOrientationLandscapeLeft UIInterfaceOrientationLandscapeRight";
				INFOPLIST_KEY_UISupportedInterfaceOrientations_iPhone = "UIInterfaceOrientationPortrait UIInterfaceOrientationLandscapeLeft UIInterfaceOrientationLandscapeRight";
				LD_RUNPATH_SEARCH_PATHS = (
					"$(inherited)",
					"@executable_path/Frameworks",
				);
				MARKETING_VERSION = 1.0;
				PRODUCT_BUNDLE_IDENTIFIER = "hr.screenScene.Screen-Scene";
				PRODUCT_NAME = "$(TARGET_NAME)";
				SWIFT_EMIT_LOC_STRINGS = YES;
				SWIFT_VERSION = 5.0;
				TARGETED_DEVICE_FAMILY = "1,2";
			};
			name = Release;
		};
		E7D0905F2CE383C6003547EB /* Debug */ = {
			isa = XCBuildConfiguration;
			buildSettings = {
				ALWAYS_SEARCH_USER_PATHS = NO;
				ASSETCATALOG_COMPILER_GENERATE_SWIFT_ASSET_SYMBOL_EXTENSIONS = YES;
				CLANG_ANALYZER_NONNULL = YES;
				CLANG_ANALYZER_NUMBER_OBJECT_CONVERSION = YES_AGGRESSIVE;
				CLANG_CXX_LANGUAGE_STANDARD = "gnu++20";
				CLANG_ENABLE_MODULES = YES;
				CLANG_ENABLE_OBJC_ARC = YES;
				CLANG_ENABLE_OBJC_WEAK = YES;
				CLANG_WARN_BLOCK_CAPTURE_AUTORELEASING = YES;
				CLANG_WARN_BOOL_CONVERSION = YES;
				CLANG_WARN_COMMA = YES;
				CLANG_WARN_CONSTANT_CONVERSION = YES;
				CLANG_WARN_DEPRECATED_OBJC_IMPLEMENTATIONS = YES;
				CLANG_WARN_DIRECT_OBJC_ISA_USAGE = YES_ERROR;
				CLANG_WARN_DOCUMENTATION_COMMENTS = YES;
				CLANG_WARN_EMPTY_BODY = YES;
				CLANG_WARN_ENUM_CONVERSION = YES;
				CLANG_WARN_INFINITE_RECURSION = YES;
				CLANG_WARN_INT_CONVERSION = YES;
				CLANG_WARN_NON_LITERAL_NULL_CONVERSION = YES;
				CLANG_WARN_OBJC_IMPLICIT_RETAIN_SELF = YES;
				CLANG_WARN_OBJC_LITERAL_CONVERSION = YES;
				CLANG_WARN_OBJC_ROOT_CLASS = YES_ERROR;
				CLANG_WARN_QUOTED_INCLUDE_IN_FRAMEWORK_HEADER = YES;
				CLANG_WARN_RANGE_LOOP_ANALYSIS = YES;
				CLANG_WARN_STRICT_PROTOTYPES = YES;
				CLANG_WARN_SUSPICIOUS_MOVE = YES;
				CLANG_WARN_UNGUARDED_AVAILABILITY = YES_AGGRESSIVE;
				CLANG_WARN_UNREACHABLE_CODE = YES;
				CLANG_WARN__DUPLICATE_METHOD_MATCH = YES;
				COPY_PHASE_STRIP = NO;
				DEBUG_INFORMATION_FORMAT = dwarf;
				ENABLE_STRICT_OBJC_MSGSEND = YES;
				ENABLE_TESTABILITY = YES;
				ENABLE_USER_SCRIPT_SANDBOXING = YES;
				GCC_C_LANGUAGE_STANDARD = gnu17;
				GCC_DYNAMIC_NO_PIC = NO;
				GCC_NO_COMMON_BLOCKS = YES;
				GCC_OPTIMIZATION_LEVEL = 0;
				GCC_PREPROCESSOR_DEFINITIONS = (
					"DEBUG=1",
					"$(inherited)",
				);
				GCC_WARN_64_TO_32_BIT_CONVERSION = YES;
				GCC_WARN_ABOUT_RETURN_TYPE = YES_ERROR;
				GCC_WARN_UNDECLARED_SELECTOR = YES;
				GCC_WARN_UNINITIALIZED_AUTOS = YES_AGGRESSIVE;
				GCC_WARN_UNUSED_FUNCTION = YES;
				GCC_WARN_UNUSED_VARIABLE = YES;
				IPHONEOS_DEPLOYMENT_TARGET = 18.0;
				LOCALIZATION_PREFERS_STRING_CATALOGS = YES;
				MTL_ENABLE_DEBUG_INFO = INCLUDE_SOURCE;
				MTL_FAST_MATH = YES;
				ONLY_ACTIVE_ARCH = YES;
				SDKROOT = iphoneos;
				SWIFT_ACTIVE_COMPILATION_CONDITIONS = "DEBUG $(inherited)";
				SWIFT_OPTIMIZATION_LEVEL = "-Onone";
			};
			name = Debug;
		};
		E7D090602CE383C6003547EB /* Release */ = {
			isa = XCBuildConfiguration;
			buildSettings = {
				ALWAYS_SEARCH_USER_PATHS = NO;
				ASSETCATALOG_COMPILER_GENERATE_SWIFT_ASSET_SYMBOL_EXTENSIONS = YES;
				CLANG_ANALYZER_NONNULL = YES;
				CLANG_ANALYZER_NUMBER_OBJECT_CONVERSION = YES_AGGRESSIVE;
				CLANG_CXX_LANGUAGE_STANDARD = "gnu++20";
				CLANG_ENABLE_MODULES = YES;
				CLANG_ENABLE_OBJC_ARC = YES;
				CLANG_ENABLE_OBJC_WEAK = YES;
				CLANG_WARN_BLOCK_CAPTURE_AUTORELEASING = YES;
				CLANG_WARN_BOOL_CONVERSION = YES;
				CLANG_WARN_COMMA = YES;
				CLANG_WARN_CONSTANT_CONVERSION = YES;
				CLANG_WARN_DEPRECATED_OBJC_IMPLEMENTATIONS = YES;
				CLANG_WARN_DIRECT_OBJC_ISA_USAGE = YES_ERROR;
				CLANG_WARN_DOCUMENTATION_COMMENTS = YES;
				CLANG_WARN_EMPTY_BODY = YES;
				CLANG_WARN_ENUM_CONVERSION = YES;
				CLANG_WARN_INFINITE_RECURSION = YES;
				CLANG_WARN_INT_CONVERSION = YES;
				CLANG_WARN_NON_LITERAL_NULL_CONVERSION = YES;
				CLANG_WARN_OBJC_IMPLICIT_RETAIN_SELF = YES;
				CLANG_WARN_OBJC_LITERAL_CONVERSION = YES;
				CLANG_WARN_OBJC_ROOT_CLASS = YES_ERROR;
				CLANG_WARN_QUOTED_INCLUDE_IN_FRAMEWORK_HEADER = YES;
				CLANG_WARN_RANGE_LOOP_ANALYSIS = YES;
				CLANG_WARN_STRICT_PROTOTYPES = YES;
				CLANG_WARN_SUSPICIOUS_MOVE = YES;
				CLANG_WARN_UNGUARDED_AVAILABILITY = YES_AGGRESSIVE;
				CLANG_WARN_UNREACHABLE_CODE = YES;
				CLANG_WARN__DUPLICATE_METHOD_MATCH = YES;
				COPY_PHASE_STRIP = NO;
				DEBUG_INFORMATION_FORMAT = "dwarf-with-dsym";
				ENABLE_NS_ASSERTIONS = NO;
				ENABLE_STRICT_OBJC_MSGSEND = YES;
				ENABLE_USER_SCRIPT_SANDBOXING = YES;
				GCC_C_LANGUAGE_STANDARD = gnu17;
				GCC_NO_COMMON_BLOCKS = YES;
				GCC_WARN_64_TO_32_BIT_CONVERSION = YES;
				GCC_WARN_ABOUT_RETURN_TYPE = YES_ERROR;
				GCC_WARN_UNDECLARED_SELECTOR = YES;
				GCC_WARN_UNINITIALIZED_AUTOS = YES_AGGRESSIVE;
				GCC_WARN_UNUSED_FUNCTION = YES;
				GCC_WARN_UNUSED_VARIABLE = YES;
				IPHONEOS_DEPLOYMENT_TARGET = 18.0;
				LOCALIZATION_PREFERS_STRING_CATALOGS = YES;
				MTL_ENABLE_DEBUG_INFO = NO;
				MTL_FAST_MATH = YES;
				SDKROOT = iphoneos;
				SWIFT_COMPILATION_MODE = wholemodule;
				VALIDATE_PRODUCT = YES;
			};
			name = Release;
		};
		E7D090622CE383C6003547EB /* Debug */ = {
			isa = XCBuildConfiguration;
			buildSettings = {
				BUNDLE_LOADER = "$(TEST_HOST)";
				CODE_SIGN_STYLE = Automatic;
				CURRENT_PROJECT_VERSION = 1;
				GENERATE_INFOPLIST_FILE = YES;
				IPHONEOS_DEPLOYMENT_TARGET = 18.0;
				MARKETING_VERSION = 1.0;
				PRODUCT_BUNDLE_IDENTIFIER = "hr.screenScene.Screen-SceneTests";
				PRODUCT_NAME = "$(TARGET_NAME)";
				SWIFT_EMIT_LOC_STRINGS = NO;
				SWIFT_VERSION = 5.0;
				TARGETED_DEVICE_FAMILY = "1,2";
				TEST_HOST = "$(BUILT_PRODUCTS_DIR)/Screen Scene.app/$(BUNDLE_EXECUTABLE_FOLDER_PATH)/Screen Scene";
			};
			name = Debug;
		};
		E7D090632CE383C6003547EB /* Release */ = {
			isa = XCBuildConfiguration;
			buildSettings = {
				BUNDLE_LOADER = "$(TEST_HOST)";
				CODE_SIGN_STYLE = Automatic;
				CURRENT_PROJECT_VERSION = 1;
				GENERATE_INFOPLIST_FILE = YES;
				IPHONEOS_DEPLOYMENT_TARGET = 18.0;
				MARKETING_VERSION = 1.0;
				PRODUCT_BUNDLE_IDENTIFIER = "hr.screenScene.Screen-SceneTests";
				PRODUCT_NAME = "$(TARGET_NAME)";
				SWIFT_EMIT_LOC_STRINGS = NO;
				SWIFT_VERSION = 5.0;
				TARGETED_DEVICE_FAMILY = "1,2";
				TEST_HOST = "$(BUILT_PRODUCTS_DIR)/Screen Scene.app/$(BUNDLE_EXECUTABLE_FOLDER_PATH)/Screen Scene";
			};
			name = Release;
		};
		E7D090652CE383C6003547EB /* Debug */ = {
			isa = XCBuildConfiguration;
			buildSettings = {
				CODE_SIGN_STYLE = Automatic;
				CURRENT_PROJECT_VERSION = 1;
				GENERATE_INFOPLIST_FILE = YES;
				MARKETING_VERSION = 1.0;
				PRODUCT_BUNDLE_IDENTIFIER = "hr.screenScene.Screen-SceneUITests";
				PRODUCT_NAME = "$(TARGET_NAME)";
				SWIFT_EMIT_LOC_STRINGS = NO;
				SWIFT_VERSION = 5.0;
				TARGETED_DEVICE_FAMILY = "1,2";
				TEST_TARGET_NAME = "Screen Scene";
			};
			name = Debug;
		};
		E7D090662CE383C6003547EB /* Release */ = {
			isa = XCBuildConfiguration;
			buildSettings = {
				CODE_SIGN_STYLE = Automatic;
				CURRENT_PROJECT_VERSION = 1;
				GENERATE_INFOPLIST_FILE = YES;
				MARKETING_VERSION = 1.0;
				PRODUCT_BUNDLE_IDENTIFIER = "hr.screenScene.Screen-SceneUITests";
				PRODUCT_NAME = "$(TARGET_NAME)";
				SWIFT_EMIT_LOC_STRINGS = NO;
				SWIFT_VERSION = 5.0;
				TARGETED_DEVICE_FAMILY = "1,2";
				TEST_TARGET_NAME = "Screen Scene";
			};
			name = Release;
		};
/* End XCBuildConfiguration section */

/* Begin XCConfigurationList section */
		E7D0902E2CE383C4003547EB /* Build configuration list for PBXProject "Screen Scene" */ = {
			isa = XCConfigurationList;
			buildConfigurations = (
				E7D0905F2CE383C6003547EB /* Debug */,
				E7D090602CE383C6003547EB /* Release */,
			);
			defaultConfigurationIsVisible = 0;
			defaultConfigurationName = Release;
		};
		E7D0905C2CE383C6003547EB /* Build configuration list for PBXNativeTarget "Screen Scene" */ = {
			isa = XCConfigurationList;
			buildConfigurations = (
				E7D0905D2CE383C6003547EB /* Debug */,
				E7D0905E2CE383C6003547EB /* Release */,
			);
			defaultConfigurationIsVisible = 0;
			defaultConfigurationName = Release;
		};
		E7D090612CE383C6003547EB /* Build configuration list for PBXNativeTarget "Screen SceneTests" */ = {
			isa = XCConfigurationList;
			buildConfigurations = (
				E7D090622CE383C6003547EB /* Debug */,
				E7D090632CE383C6003547EB /* Release */,
			);
			defaultConfigurationIsVisible = 0;
			defaultConfigurationName = Release;
		};
		E7D090642CE383C6003547EB /* Build configuration list for PBXNativeTarget "Screen SceneUITests" */ = {
			isa = XCConfigurationList;
			buildConfigurations = (
				E7D090652CE383C6003547EB /* Debug */,
				E7D090662CE383C6003547EB /* Release */,
			);
			defaultConfigurationIsVisible = 0;
			defaultConfigurationName = Release;
		};
/* End XCConfigurationList section */
	};
	rootObject = E7D0902B2CE383C4003547EB /* Project object */;
}
